
Microsoft Visual Studio Solution File, Format Version 12.00
# Visual Studio Version 17
VisualStudioVersion = 17.3.32929.385
MinimumVisualStudioVersion = 10.0.40219.1
Project("{FAE04EC0-301F-11D3-BF4B-00C04F79EFBC}") = "ErrorReports", "ErrorReports\ErrorReports.csproj", "{223199B9-BEC6-48E1-A963-27C69E588A6D}"
EndProject
Global
	GlobalSection(SolutionConfigurationPlatforms) = preSolution
		Debug|Any CPU = Debug|Any CPU
		Release|Any CPU = Release|Any CPU
	EndGlobalSection
	GlobalSection(ProjectConfigurationPlatforms) = postSolution
		{223199B9-BEC6-48E1-A963-27C69E588A6D}.Debug|Any CPU.ActiveCfg = Debug|Any CPU
		{223199B9-BEC6-48E1-A963-27C69E588A6D}.Debug|Any CPU.Build.0 = Debug|Any CPU
		{223199B9-BEC6-48E1-A963-27C69E588A6D}.Release|Any CPU.ActiveCfg = Release|Any CPU
		{223199B9-BEC6-48E1-A963-27C69E588A6D}.Release|Any CPU.Build.0 = Release|Any CPU
	EndGlobalSection
	GlobalSection(SolutionProperties) = preSolution
		HideSolutionNode = FALSE
	EndGlobalSection
	GlobalSection(ExtensibilityGlobals) = postSolution
		SolutionGuid = {C17B2C18-6E30-4DFC-899A-7ADAB3160C9C}
	EndGlobalSection
EndGlobal
